
Microsoft Visual Studio Solution File, Format Version 12.00
# Visual Studio Version 17
VisualStudioVersion = 17.14.37628.2
MinimumVisualStudioVersion = 10.0.40219.1
Project("{FAE04EC0-301F-11D3-BF4B-00C04F79EFBC}") = "Fichality", "Fichality\Fichality.csproj", "{43C81A88-37D8-4E17-860A-D9E356C6B10F}"
EndProject
Global
	GlobalSection(SolutionConfigurationPlatforms) = preSolution
		Debug|Any CPU = Debug|Any CPU
		Release|Any CPU = Release|Any CPU
	EndGlobalSection
	GlobalSection(ProjectConfigurationPlatforms) = postSolution
		{43C81A88-37D8-4E17-860A-D9E356C6B10F}.Debug|Any CPU.ActiveCfg = Debug|Any CPU
		{43C81A88-37D8-4E17-860A-D9E356C6B10F}.Debug|Any CPU.Build.0 = Debug|Any CPU
		{43C81A88-37D8-4E17-860A-D9E356C6B10F}.Release|Any CPU.ActiveCfg = Release|Any CPU
		{43C81A88-37D8-4E17-860A-D9E356C6B10F}.Release|Any CPU.Build.0 = Release|Any CPU
	EndGlobalSection
	GlobalSection(SolutionProperties) = preSolution
		HideSolutionNode = FALSE
	EndGlobalSection
	GlobalSection(ExtensibilityGlobals) = postSolution
		SolutionGuid = {494C7C07-14C4-4EAE-BEFD-4C905EDDF576}
	EndGlobalSection
EndGlobal
